
Microsoft Visual Studio Solution File, Format Version 12.00
# Visual Studio Version 16
VisualStudioVersion = 16.0.30002.166
MinimumVisualStudioVersion = 10.0.40219.1
Project("{FAE04EC0-301F-11D3-BF4B-00C04F79EFBC}") = "ToDoApp", "ToDoApp\ToDoApp.csproj", "{9DE47CC5-4B46-4C73-A491-DF12D5F9A427}"
EndProject
Global
	GlobalSection(SolutionConfigurationPlatforms) = preSolution
		Debug|Any CPU = Debug|Any CPU
		Release|Any CPU = Release|Any CPU
	EndGlobalSection
	GlobalSection(ProjectConfigurationPlatforms) = postSolution
		{9DE47CC5-4B46-4C73-A491-DF12D5F9A427}.Debug|Any CPU.ActiveCfg = Debug|Any CPU
		{9DE47CC5-4B46-4C73-A491-DF12D5F9A427}.Debug|Any CPU.Build.0 = Debug|Any CPU
		{9DE47CC5-4B46-4C73-A491-DF12D5F9A427}.Release|Any CPU.ActiveCfg = Release|Any CPU
		{9DE47CC5-4B46-4C73-A491-DF12D5F9A427}.Release|Any CPU.Build.0 = Release|Any CPU
	EndGlobalSection
	GlobalSection(SolutionProperties) = preSolution
		HideSolutionNode = FALSE
	EndGlobalSection
	GlobalSection(ExtensibilityGlobals) = postSolution
		SolutionGuid = {73EB7AAC-EE1B-4733-B502-EE8568D2D7DD}
	EndGlobalSection
EndGlobal
